<?xml version="1.0" encoding="utf-8"?>
<Project ToolsVersion="4.0" xmlns="http://schemas.microsoft.com/developer/msbuild/2003">
  <ItemGroup>
    <Filter Include="소스 파일">
      <UniqueIdentifier>{4FC737F1-C7A5-4376-A066-2A32D752A2FF}</UniqueIdentifier>
      <Extensions>cpp;c;cc;cxx;c++;cppm;ixx;def;odl;idl;hpj;bat;asm;asmx</Extensions>
    </Filter>
    <Filter Include="헤더 파일">
      <UniqueIdentifier>{93995380-89BD-4b04-88EB-625FBE52EBFB}</UniqueIdentifier>
      <Extensions>h;hh;hpp;hxx;h++;hm;inl;inc;ipp;xsd</Extensions>
    </Filter>
    <Filter Include="리소스 파일">
      <UniqueIdentifier>{67DA6AB6-F800-4c08-8B7A-83BB121AAD01}</UniqueIdentifier>
      <Extensions>rc;ico;cur;bmp;dlg;rc2;rct;bin;rgs;gif;jpg;jpeg;jpe;resx;tiff;tif;png;wav;mfcribbon-ms</Extensions>
    </Filter>
    <Filter Include="헤더 파일\enum">
      <UniqueIdentifier>{3c5ac9cc-075f-4bfb-8a14-0f0f4e50164a}</UniqueIdentifier>
    </Filter>
    <Filter Include="헤더 파일\GameObject Class">
      <UniqueIdentifier>{37a4b540-c259-4410-a65b-68b709c07cb9}</UniqueIdentifier>
    </Filter>
    <Filter Include="헤더 파일\GameObject Class\Block Class">
      <UniqueIdentifier>{65e437fc-cf34-4081-ae02-79dd30e48055}</UniqueIdentifier>
    </Filter>
    <Filter Include="헤더 파일\GameObject Class\Character class">
      <UniqueIdentifier>{95d8491d-0d74-4551-9312-6c3db61c769e}</UniqueIdentifier>
    </Filter>
    <Filter Include="헤더 파일\GameObject Class\Character class\bomb class">
      <UniqueIdentifier>{a74343a7-e822-4f92-93d9-5b399b7af2bf}</UniqueIdentifier>
    </Filter>
    <Filter Include="헤더 파일\GameObject Class\Item Class">
      <UniqueIdentifier>{0362cc83-bf8f-4c7d-a11d-b162c9ed68e0}</UniqueIdentifier>
    </Filter>
    <Filter Include="헤더 파일\GameObject Class\Item Class\Consume Item class">
      <UniqueIdentifier>{62e48851-1bcd-4042-b310-457b392d6503}</UniqueIdentifier>
    </Filter>
    <Filter Include="헤더 파일\GameObject Class\Item Class\Instant Item class">
      <UniqueIdentifier>{28bd7f4e-82f6-4192-a4b2-460814f64aed}</UniqueIdentifier>
    </Filter>
    <Filter Include="소스 파일\GameObject class_cpp">
      <UniqueIdentifier>{a7e3396e-9f9d-49c6-bf2b-cc464c24f967}</UniqueIdentifier>
    </Filter>
    <Filter Include="소스 파일\GameObject class_cpp\Character class_cpp">
      <UniqueIdentifier>{f0c106bf-ac87-45d6-a8b6-c72eaeb389ae}</UniqueIdentifier>
    </Filter>
    <Filter Include="소스 파일\GameObject class_cpp\Bomb class_cpp">
      <UniqueIdentifier>{b2761bfe-2dd5-4717-a6bf-00ddf6b94b7d}</UniqueIdentifier>
    </Filter>
    <Filter Include="헤더 파일\GameObject Class\Item Class\Consume Item class\dart class">
      <UniqueIdentifier>{02504a57-9bae-468a-82a5-821da0204520}</UniqueIdentifier>
    </Filter>
    <Filter Include="소스 파일\GameObject class_cpp\Item class_cpp">
      <UniqueIdentifier>{8bac56ed-0c33-44a7-97c9-e73a01d1e6ab}</UniqueIdentifier>
    </Filter>
    <Filter Include="소스 파일\GameObject class_cpp\Item class_cpp\Consume class_cpp">
      <UniqueIdentifier>{0422c717-624f-4848-a3b6-e7ea8fd5a26d}</UniqueIdentifier>
    </Filter>
    <Filter Include="소스 파일\GameObject class_cpp\Item class_cpp\Instant class_cpp">
      <UniqueIdentifier>{464bb8f6-b129-490c-a920-9a379083705d}</UniqueIdentifier>
    </Filter>
    <Filter Include="소스 파일\GameObject class_cpp\Block class_cpp">
      <UniqueIdentifier>{4e29f9a3-0537-45f4-9610-1dcbc7df8f07}</UniqueIdentifier>
    </Filter>
    <Filter Include="소스 파일\board class_cpp">
      <UniqueIdentifier>{5c73c5d2-b6e0-4dd5-a1fd-e210f4bbaa5a}</UniqueIdentifier>
    </Filter>
    <Filter Include="헤더 파일\board class">
      <UniqueIdentifier>{7a1ade3a-0984-4b83-a61d-18683a841244}</UniqueIdentifier>
    </Filter>
    <Filter Include="헤더 파일\GameObject Class\Character class\enemy class">
      <UniqueIdentifier>{c2faa9bb-f9c8-4fcf-96e9-0843ab655c61}</UniqueIdentifier>
    </Filter>
    <Filter Include="소스 파일\GameObject class_cpp\Character class_cpp\enemy class_cpp">
      <UniqueIdentifier>{568a6fcc-78fd-4612-8b6c-545ed400c548}</UniqueIdentifier>
    </Filter>
  </ItemGroup>
  <ItemGroup>
    <ClCompile Include="main.cpp">
      <Filter>소스 파일</Filter>
    </ClCompile>
    <ClCompile Include="character.cpp">
      <Filter>소스 파일\GameObject class_cpp\Character class_cpp</Filter>
    </ClCompile>
    <ClCompile Include="bomb.cpp">
      <Filter>소스 파일\GameObject class_cpp\Bomb class_cpp</Filter>
    </ClCompile>
    <ClCompile Include="flame.cpp">
      <Filter>소스 파일\GameObject class_cpp\Bomb class_cpp</Filter>
    </ClCompile>
    <ClCompile Include="consoleCursorUtil.cpp">
      <Filter>소스 파일</Filter>
    </ClCompile>
    <ClCompile Include="block.cpp">
      <Filter>소스 파일\GameObject class_cpp\Block class_cpp</Filter>
    </ClCompile>
    <ClCompile Include="distructibleBlock.cpp">
      <Filter>소스 파일\GameObject class_cpp\Block class_cpp</Filter>
    </ClCompile>
    <ClCompile Include="item.cpp">
      <Filter>소스 파일\GameObject class_cpp\Item class_cpp</Filter>
    </ClCompile>
    <ClCompile Include="consumeItem.cpp">
      <Filter>소스 파일\GameObject class_cpp\Item class_cpp\Consume class_cpp</Filter>
    </ClCompile>
    <ClCompile Include="dart.cpp">
      <Filter>소스 파일\GameObject class_cpp\Item class_cpp\Consume class_cpp</Filter>
    </ClCompile>
    <ClCompile Include="dartBullet.cpp">
      <Filter>소스 파일\GameObject class_cpp\Item class_cpp\Consume class_cpp</Filter>
    </ClCompile>
    <ClCompile Include="needle.cpp">
      <Filter>소스 파일\GameObject class_cpp\Item class_cpp\Consume class_cpp</Filter>
    </ClCompile>
    <ClCompile Include="gameObject.cpp">
      <Filter>소스 파일\GameObject class_cpp</Filter>
    </ClCompile>
    <ClCompile Include="superPotion.cpp">
      <Filter>소스 파일\GameObject class_cpp\Item class_cpp\Instant class_cpp</Filter>
    </ClCompile>
    <ClCompile Include="powerPotion.cpp">
      <Filter>소스 파일\GameObject class_cpp\Item class_cpp\Instant class_cpp</Filter>
    </ClCompile>
    <ClCompile Include="shoes.cpp">
      <Filter>소스 파일\GameObject class_cpp\Item class_cpp\Instant class_cpp</Filter>
    </ClCompile>
    <ClCompile Include="itemBomb.cpp">
      <Filter>소스 파일\GameObject class_cpp\Item class_cpp\Instant class_cpp</Filter>
    </ClCompile>
    <ClCompile Include="instantItem.cpp">
      <Filter>소스 파일\GameObject class_cpp\Item class_cpp\Instant class_cpp</Filter>
    </ClCompile>
    <ClCompile Include="board.cpp">
      <Filter>소스 파일\board class_cpp</Filter>
    </ClCompile>
    <ClCompile Include="mapDictionary.cpp">
      <Filter>소스 파일\board class_cpp</Filter>
    </ClCompile>
    <ClCompile Include="flamePool.cpp">
      <Filter>소스 파일\GameObject class_cpp\Bomb class_cpp</Filter>
    </ClCompile>
    <ClCompile Include="tile.cpp">
      <Filter>소스 파일\GameObject class_cpp</Filter>
    </ClCompile>
    <ClCompile Include="enemy.cpp">
      <Filter>소스 파일\GameObject class_cpp\Character class_cpp\enemy class_cpp</Filter>
    </ClCompile>
    <ClCompile Include="stateChasePlayer.cpp">
      <Filter>소스 파일\GameObject class_cpp\Character class_cpp\enemy class_cpp</Filter>
    </ClCompile>
    <ClCompile Include="stateDistructBlock.cpp">
      <Filter>소스 파일\GameObject class_cpp\Character class_cpp\enemy class_cpp</Filter>
    </ClCompile>
    <ClCompile Include="stateEscapeFromBomb.cpp">
      <Filter>소스 파일\GameObject class_cpp\Character class_cpp\enemy class_cpp</Filter>
    </ClCompile>
    <ClCompile Include="stateGetItem.cpp">
      <Filter>소스 파일\GameObject class_cpp\Character class_cpp\enemy class_cpp</Filter>
    </ClCompile>
    <ClCompile Include="stateIdle.cpp">
      <Filter>소스 파일\GameObject class_cpp\Character class_cpp\enemy class_cpp</Filter>
    </ClCompile>
    <ClCompile Include="statePlaceBomb.cpp">
      <Filter>소스 파일\GameObject class_cpp\Character class_cpp\enemy class_cpp</Filter>
    </ClCompile>
    <ClCompile Include="stateConfine.cpp">
      <Filter>소스 파일\GameObject class_cpp\Character class_cpp\enemy class_cpp</Filter>
    </ClCompile>
    <ClCompile Include="player.cpp">
      <Filter>소스 파일\GameObject class_cpp\Character class_cpp</Filter>
    </ClCompile>
  </ItemGroup>
  <ItemGroup>
    <ClInclude Include="consumeItem.h">
      <Filter>헤더 파일\GameObject Class\Item Class\Consume Item class</Filter>
    </ClInclude>
    <ClInclude Include="instantItem.h">
      <Filter>헤더 파일\GameObject Class\Item Class\Instant Item class</Filter>
    </ClInclude>
    <ClInclude Include="needle.h">
      <Filter>헤더 파일\GameObject Class\Item Class\Consume Item class</Filter>
    </ClInclude>
    <ClInclude Include="shoes.h">
      <Filter>헤더 파일\GameObject Class\Item Class\Instant Item class</Filter>
    </ClInclude>
    <ClInclude Include="powerPotion.h">
      <Filter>헤더 파일\GameObject Class\Item Class\Instant Item class</Filter>
    </ClInclude>
    <ClInclude Include="itemBomb.h">
      <Filter>헤더 파일\GameObject Class\Item Class\Instant Item class</Filter>
    </ClInclude>
    <ClInclude Include="superPotion.h">
      <Filter>헤더 파일\GameObject Class\Item Class\Instant Item class</Filter>
    </ClInclude>
    <ClInclude Include="block.h">
      <Filter>헤더 파일\GameObject Class\Block Class</Filter>
    </ClInclude>
    <ClInclude Include="distructibleBlock.h">
      <Filter>헤더 파일\GameObject Class\Block Class</Filter>
    </ClInclude>
    <ClInclude Include="consoleCursorUtil.h">
      <Filter>헤더 파일</Filter>
    </ClInclude>
    <ClInclude Include="character.h">
      <Filter>헤더 파일\GameObject Class\Character class</Filter>
    </ClInclude>
    <ClInclude Include="direction.h">
      <Filter>헤더 파일\enum</Filter>
    </ClInclude>
    <ClInclude Include="objectType.h">
      <Filter>헤더 파일\enum</Filter>
    </ClInclude>
    <ClInclude Include="characterType.h">
      <Filter>헤더 파일\enum</Filter>
    </ClInclude>
    <ClInclude Include="bomb.h">
      <Filter>헤더 파일\GameObject Class\Character class\bomb class</Filter>
    </ClInclude>
    <ClInclude Include="gameObject.h">
      <Filter>헤더 파일\GameObject Class</Filter>
    </ClInclude>
    <ClInclude Include="flame.h">
      <Filter>헤더 파일\GameObject Class\Character class\bomb class</Filter>
    </ClInclude>
    <ClInclude Include="characterState.h">
      <Filter>헤더 파일\enum</Filter>
    </ClInclude>
    <ClInclude Include="playMode.h">
      <Filter>헤더 파일\enum</Filter>
    </ClInclude>
    <ClInclude Include="dart.h">
      <Filter>헤더 파일\GameObject Class\Item Class\Consume Item class\dart class</Filter>
    </ClInclude>
    <ClInclude Include="tile.h">
      <Filter>헤더 파일\GameObject Class</Filter>
    </ClInclude>
    <ClInclude Include="itemType.h">
      <Filter>헤더 파일\enum</Filter>
    </ClInclude>
    <ClInclude Include="item.h">
      <Filter>헤더 파일\GameObject Class\Item Class</Filter>
    </ClInclude>
    <ClInclude Include="itemCategory.h">
      <Filter>헤더 파일\enum</Filter>
    </ClInclude>
    <ClInclude Include="board.h">
      <Filter>헤더 파일\board class</Filter>
    </ClInclude>
    <ClInclude Include="mapDictionary.h">
      <Filter>헤더 파일\board class</Filter>
    </ClInclude>
    <ClInclude Include="position.h">
      <Filter>헤더 파일\GameObject Class</Filter>
    </ClInclude>
    <ClInclude Include="dartBullet.h">
      <Filter>헤더 파일\GameObject Class\Item Class\Consume Item class\dart class</Filter>
    </ClInclude>
    <ClInclude Include="flamePool.h">
      <Filter>헤더 파일\GameObject Class\Character class\bomb class</Filter>
    </ClInclude>
    <ClInclude Include="randomUtil.h">
      <Filter>헤더 파일</Filter>
    </ClInclude>
    <ClInclude Include="enemy.h">
      <Filter>헤더 파일\GameObject Class\Character class\enemy class</Filter>
    </ClInclude>
    <ClInclude Include="stateIdle.h">
      <Filter>헤더 파일\GameObject Class\Character class\enemy class</Filter>
    </ClInclude>
    <ClInclude Include="stateEscapeFromBomb.h">
      <Filter>헤더 파일\GameObject Class\Character class\enemy class</Filter>
    </ClInclude>
    <ClInclude Include="stateChasePlayer.h">
      <Filter>헤더 파일\GameObject Class\Character class\enemy class</Filter>
    </ClInclude>
    <ClInclude Include="stateGetItem.h">
      <Filter>헤더 파일\GameObject Class\Character class\enemy class</Filter>
    </ClInclude>
    <ClInclude Include="stateDistructBlock.h">
      <Filter>헤더 파일\GameObject Class\Character class\enemy class</Filter>
    </ClInclude>
    <ClInclude Include="statePlaceBomb.h">
      <Filter>헤더 파일\GameObject Class\Character class\enemy class</Filter>
    </ClInclude>
    <ClInclude Include="stateConfine.h">
      <Filter>헤더 파일\GameObject Class\Character class\enemy class</Filter>
    </ClInclude>
    <ClInclude Include="enemyState.h">
      <Filter>헤더 파일\GameObject Class\Character class\enemy class</Filter>
    </ClInclude>
    <ClInclude Include="player.h">
      <Filter>헤더 파일\GameObject Class\Character class</Filter>
    </ClInclude>
    <ClInclude Include="gameState.h">
      <Filter>헤더 파일\enum</Filter>
    </ClInclude>
  </ItemGroup>
</Project>